{
  "name": "screenshot-to-issue",
  "version": "0.1.1",
  "lockfileVersion": 3,
  "requires": true,
  "packages": {
    "": {
      "name": "screenshot-to-issue",
      "version": "0.1.1",
      "license": "MIT",
      "bin": {
        "screenshot-to-issue": "bin/screenshot-to-issue.js"
      },
      "engines": {
        "node": ">=18"
      }
    }
  }
}
